
Microsoft Visual Studio Solution File, Format Version 12.00
# Visual Studio Version 17
VisualStudioVersion = 17.1.32228.430
MinimumVisualStudioVersion = 10.0.40219.1
Project("{FAE04EC0-301F-11D3-BF4B-00C04F79EFBC}") = "ToDo.Client", "ToDo.Client\ToDo.Client.csproj", "{D0D4E11B-BED7-4E94-987D-810DC0916896}"
EndProject
Global
	GlobalSection(SolutionConfigurationPlatforms) = preSolution
		Debug|Any CPU = Debug|Any CPU
		Release|Any CPU = Release|Any CPU
	EndGlobalSection
	GlobalSection(ProjectConfigurationPlatforms) = postSolution
		{D0D4E11B-BED7-4E94-987D-810DC0916896}.Debug|Any CPU.ActiveCfg = Debug|Any CPU
		{D0D4E11B-BED7-4E94-987D-810DC0916896}.Debug|Any CPU.Build.0 = Debug|Any CPU
		{D0D4E11B-BED7-4E94-987D-810DC0916896}.Release|Any CPU.ActiveCfg = Release|Any CPU
		{D0D4E11B-BED7-4E94-987D-810DC0916896}.Release|Any CPU.Build.0 = Release|Any CPU
	EndGlobalSection
	GlobalSection(SolutionProperties) = preSolution
		HideSolutionNode = FALSE
	EndGlobalSection
	GlobalSection(ExtensibilityGlobals) = postSolution
		SolutionGuid = {C02DBD5E-6D84-467B-8506-A182D0C37A0D}
	EndGlobalSection
EndGlobal
